%{
  "complex": {:hex, :complex, "0.5.0", "af2d2331ff6170b61bb738695e481b27a66780e18763e066ee2cd863d0b1dd92", [:mix], [], "hexpm", "2683bd3c184466cfb94fad74cbfddfaa94b860e27ad4ca1bffe3bff169d91ef1"},
  "libgraph": {:git, "https://github.com/bitwalker/libgraph", "460cdfd9a163a533bdab0a160ba7ccf888047927", [branch: "main"]},
  "nx": {:git, "https://github.com/elixir-nx/nx.git", "f0b84c8ad04dc64702cade9de2294bee871d9b29", [branch: "main", sparse: "nx"]},
  "telemetry": {:hex, :telemetry, "1.3.0", "fedebbae410d715cf8e7062c96a1ef32ec22e764197f70cda73d82778d61e7a2", [:rebar3], [], "hexpm", "7015fc8919dbe63764f4b4b87a95b7c0996bd539e0d499be6ec9d7f3875b79e6"},
}
